
Microsoft Visual Studio Solution File, Format Version 12.00
# Visual Studio Version 17
VisualStudioVersion = 17.6.33829.357
MinimumVisualStudioVersion = 10.0.40219.1
Project("{9A19103F-16F7-4668-BE54-9A1E7A4F7556}") = "personnel_department_course_work", "personnel_department_course_work\personnel_department_course_work.csproj", "{AE771166-A655-419D-BA60-690CC5615A94}"
EndProject
Project("{FAE04EC0-301F-11D3-BF4B-00C04F79EFBC}") = "personnel_department_DB", "personnel_department_DB\personnel_department_DB.csproj", "{B191CC4C-CD5B-4A09-AF10-6EC74ADF135F}"
EndProject
Global
	GlobalSection(SolutionConfigurationPlatforms) = preSolution
		Debug|Any CPU = Debug|Any CPU
		Release|Any CPU = Release|Any CPU
	EndGlobalSection
	GlobalSection(ProjectConfigurationPlatforms) = postSolution
		{AE771166-A655-419D-BA60-690CC5615A94}.Debug|Any CPU.ActiveCfg = Debug|Any CPU
		{AE771166-A655-419D-BA60-690CC5615A94}.Debug|Any CPU.Build.0 = Debug|Any CPU
		{AE771166-A655-419D-BA60-690CC5615A94}.Release|Any CPU.ActiveCfg = Release|Any CPU
		{AE771166-A655-419D-BA60-690CC5615A94}.Release|Any CPU.Build.0 = Release|Any CPU
		{B191CC4C-CD5B-4A09-AF10-6EC74ADF135F}.Debug|Any CPU.ActiveCfg = Debug|Any CPU
		{B191CC4C-CD5B-4A09-AF10-6EC74ADF135F}.Debug|Any CPU.Build.0 = Debug|Any CPU
		{B191CC4C-CD5B-4A09-AF10-6EC74ADF135F}.Release|Any CPU.ActiveCfg = Release|Any CPU
		{B191CC4C-CD5B-4A09-AF10-6EC74ADF135F}.Release|Any CPU.Build.0 = Release|Any CPU
	EndGlobalSection
	GlobalSection(SolutionProperties) = preSolution
		HideSolutionNode = FALSE
	EndGlobalSection
	GlobalSection(ExtensibilityGlobals) = postSolution
		SolutionGuid = {B3552663-CAF8-4EDF-AD62-A9EBD61E5115}
	EndGlobalSection
EndGlobal
